<Solution>
  <Project Path="../../src/Avalonia.Controls.Maui.Desktop/Avalonia.Controls.Maui.Desktop.csproj" />
  <Project Path="../../src/Avalonia.Controls.Maui/Avalonia.Controls.Maui.csproj" />
  <Project Path="MauiConverter.Browser/MauiConverter.Browser.csproj" />
  <Project Path="MauiConverter/MauiConverter.csproj" />
</Solution>