<Solution>
  <Project Path="Controls.Sample/Maui.Controls.Sample.csproj" />
  <Project Path="Controls.Sample.Browser/Maui.Controls.Sample.Browser.csproj" />
  <Project Path="../../src/Avalonia.Controls.Maui.Compatibility/Avalonia.Controls.Maui.Compatibility.csproj" />
  <Project Path="../../src/Avalonia.Controls.Maui.Essentials/Avalonia.Controls.Maui.Essentials.csproj" />
  <Project Path="../../src/Avalonia.Controls.Maui/Avalonia.Controls.Maui.csproj" />
</Solution>
