<Solution>
  <Project Path="../../src/Avalonia.Controls.Maui.Desktop/Avalonia.Controls.Maui.Desktop.csproj" />
  <Project Path="../../src/Avalonia.Controls.Maui.Essentials/Avalonia.Controls.Maui.Essentials.csproj" />
  <Project Path="../../src/Avalonia.Controls.Maui/Avalonia.Controls.Maui.csproj" />
  <Project Path="MyConference.Browser/MyConference.Browser.csproj" />
  <Project Path="MyConference/MyConference.csproj" />
</Solution>