<Solution>
  <Project Path="../../src/Avalonia.Controls.Maui.Desktop/Avalonia.Controls.Maui.Desktop.csproj" />
  <Project Path="../../src/Avalonia.Controls.Maui.Essentials/Avalonia.Controls.Maui.Essentials.csproj" />
  <Project Path="../../src/Avalonia.Controls.Maui.Graphics/Avalonia.Controls.Maui.Graphics.csproj" />
  <Project Path="../../src/Avalonia.Controls.Maui/Avalonia.Controls.Maui.csproj" />
  <Project Path="WeatherTwentyOne.Browser/WeatherTwentyOne.Browser.csproj" />
  <Project Path="WeatherTwentyOne/WeatherTwentyOne.csproj" />
</Solution>